
Microsoft Visual Studio Solution File, Format Version 12.00
# Visual Studio Version 17
VisualStudioVersion = 17.10.35027.167
MinimumVisualStudioVersion = 10.0.40219.1
Project("{FAE04EC0-301F-11D3-BF4B-00C04F79EFBC}") = "SimpleDataApp", "SimpleDataApp\SimpleDataApp.csproj", "{CAB36831-4E0D-40BF-A083-C450226BFF80}"
EndProject
Global
	GlobalSection(SolutionConfigurationPlatforms) = preSolution
		Debug|Any CPU = Debug|Any CPU
		Release|Any CPU = Release|Any CPU
	EndGlobalSection
	GlobalSection(ProjectConfigurationPlatforms) = postSolution
		{CAB36831-4E0D-40BF-A083-C450226BFF80}.Debug|Any CPU.ActiveCfg = Debug|Any CPU
		{CAB36831-4E0D-40BF-A083-C450226BFF80}.Debug|Any CPU.Build.0 = Debug|Any CPU
		{CAB36831-4E0D-40BF-A083-C450226BFF80}.Release|Any CPU.ActiveCfg = Release|Any CPU
		{CAB36831-4E0D-40BF-A083-C450226BFF80}.Release|Any CPU.Build.0 = Release|Any CPU
	EndGlobalSection
	GlobalSection(SolutionProperties) = preSolution
		HideSolutionNode = FALSE
	EndGlobalSection
	GlobalSection(ExtensibilityGlobals) = postSolution
		SolutionGuid = {D100DDB6-C612-4DF8-857C-F995EEF90AA1}
	EndGlobalSection
EndGlobal
